
Microsoft Visual Studio Solution File, Format Version 12.00
# Visual Studio Version 17
VisualStudioVersion = 17.9.34728.123
MinimumVisualStudioVersion = 10.0.40219.1
Project("{FAE04EC0-301F-11D3-BF4B-00C04F79EFBC}") = "Login_", "Login_\Login_.csproj", "{38859645-5958-4CD2-89DD-28F8170825F0}"
EndProject
Global
	GlobalSection(SolutionConfigurationPlatforms) = preSolution
		Debug|Any CPU = Debug|Any CPU
		Release|Any CPU = Release|Any CPU
	EndGlobalSection
	GlobalSection(ProjectConfigurationPlatforms) = postSolution
		{38859645-5958-4CD2-89DD-28F8170825F0}.Debug|Any CPU.ActiveCfg = Debug|Any CPU
		{38859645-5958-4CD2-89DD-28F8170825F0}.Debug|Any CPU.Build.0 = Debug|Any CPU
		{38859645-5958-4CD2-89DD-28F8170825F0}.Release|Any CPU.ActiveCfg = Release|Any CPU
		{38859645-5958-4CD2-89DD-28F8170825F0}.Release|Any CPU.Build.0 = Release|Any CPU
	EndGlobalSection
	GlobalSection(SolutionProperties) = preSolution
		HideSolutionNode = FALSE
	EndGlobalSection
	GlobalSection(ExtensibilityGlobals) = postSolution
		SolutionGuid = {6A28E78B-DFD9-4101-A9A4-8C30B43595E0}
	EndGlobalSection
EndGlobal
